
Microsoft Visual Studio Solution File, Format Version 12.00
# Visual Studio Version 17
VisualStudioVersion = 17.6.33829.357
MinimumVisualStudioVersion = 10.0.40219.1
Project("{FAE04EC0-301F-11D3-BF4B-00C04F79EFBC}") = "ElasticSearchExample", "ElasticSearchExample\ElasticSearchExample.csproj", "{7C8C4CE7-B9A7-40A0-8476-F67452A8E741}"
EndProject
Global
	GlobalSection(SolutionConfigurationPlatforms) = preSolution
		Debug|Any CPU = Debug|Any CPU
		Release|Any CPU = Release|Any CPU
	EndGlobalSection
	GlobalSection(ProjectConfigurationPlatforms) = postSolution
		{7C8C4CE7-B9A7-40A0-8476-F67452A8E741}.Debug|Any CPU.ActiveCfg = Debug|Any CPU
		{7C8C4CE7-B9A7-40A0-8476-F67452A8E741}.Debug|Any CPU.Build.0 = Debug|Any CPU
		{7C8C4CE7-B9A7-40A0-8476-F67452A8E741}.Release|Any CPU.ActiveCfg = Release|Any CPU
		{7C8C4CE7-B9A7-40A0-8476-F67452A8E741}.Release|Any CPU.Build.0 = Release|Any CPU
	EndGlobalSection
	GlobalSection(SolutionProperties) = preSolution
		HideSolutionNode = FALSE
	EndGlobalSection
	GlobalSection(ExtensibilityGlobals) = postSolution
		SolutionGuid = {306A54EA-F51C-4787-8E8F-F5D5F940CEE0}
	EndGlobalSection
EndGlobal
